{
  "name": "secscan-bench-tampered",
  "version": "1.0.0",
  "lockfileVersion": 3,
  "requires": true,
  "packages": {
    "": {"name": "secscan-bench-tampered", "version": "1.0.0"},
    "node_modules/lodash": {
      "name": "lodash",
      "version": "4.17.21",
      "integrity": "sha512-AAAAAAAAAAAAAAAAAAAAAAAAAAAAAAAAAAAAAAAAAAAAAAAAAAAAAAAAAAAAAAAAAAAAAAAAAAAAAAAAAAAAAAAA==",
      "resolved": "https://registry.npmjs.org/lodash/-/lodash-4.17.21.tgz"
    },
    "node_modules/other-pkg/node_modules/lodash": {
      "name": "lodash",
      "version": "4.17.21",
      "integrity": "sha512-BBBBBBBBBBBBBBBBBBBBBBBBBBBBBBBBBBBBBBBBBBBBBBBBBBBBBBBBBBBBBBBBBBBBBBBBBBBBBBBBBBBBBBBB==",
      "resolved": "https://my-suspicious-mirror.example.com/lodash-4.17.21.tgz"
    }
  }
}
